
Microsoft Visual Studio Solution File, Format Version 12.00
# Visual Studio Version 17
VisualStudioVersion = 17.6.33815.320
MinimumVisualStudioVersion = 10.0.40219.1
Project("{FAE04EC0-301F-11D3-BF4B-00C04F79EFBC}") = "CoffeeAPI", "CoffeeAPI\CoffeeAPI.csproj", "{B32EE119-D3D6-4D30-AD48-64623EC24AE7}"
EndProject
Global
	GlobalSection(SolutionConfigurationPlatforms) = preSolution
		Debug|Any CPU = Debug|Any CPU
		Release|Any CPU = Release|Any CPU
	EndGlobalSection
	GlobalSection(ProjectConfigurationPlatforms) = postSolution
		{B32EE119-D3D6-4D30-AD48-64623EC24AE7}.Debug|Any CPU.ActiveCfg = Debug|Any CPU
		{B32EE119-D3D6-4D30-AD48-64623EC24AE7}.Debug|Any CPU.Build.0 = Debug|Any CPU
		{B32EE119-D3D6-4D30-AD48-64623EC24AE7}.Release|Any CPU.ActiveCfg = Release|Any CPU
		{B32EE119-D3D6-4D30-AD48-64623EC24AE7}.Release|Any CPU.Build.0 = Release|Any CPU
	EndGlobalSection
	GlobalSection(SolutionProperties) = preSolution
		HideSolutionNode = FALSE
	EndGlobalSection
	GlobalSection(ExtensibilityGlobals) = postSolution
		SolutionGuid = {ACE27094-9700-4A58-B262-F78BC845238F}
	EndGlobalSection
EndGlobal
